
Microsoft Visual Studio Solution File, Format Version 12.00
# Visual Studio Version 16
VisualStudioVersion = 16.0.31729.503
MinimumVisualStudioVersion = 10.0.40219.1
Project("{FAE04EC0-301F-11D3-BF4B-00C04F79EFBC}") = "JavaScriptProgrammingAssignment", "JavaScriptProgrammingAssignment\JavaScriptProgrammingAssignment.csproj", "{C233F0CD-80AE-4526-B29E-4A1659F4E39F}"
EndProject
Global
	GlobalSection(SolutionConfigurationPlatforms) = preSolution
		Debug|Any CPU = Debug|Any CPU
		Release|Any CPU = Release|Any CPU
	EndGlobalSection
	GlobalSection(ProjectConfigurationPlatforms) = postSolution
		{C233F0CD-80AE-4526-B29E-4A1659F4E39F}.Debug|Any CPU.ActiveCfg = Debug|Any CPU
		{C233F0CD-80AE-4526-B29E-4A1659F4E39F}.Debug|Any CPU.Build.0 = Debug|Any CPU
		{C233F0CD-80AE-4526-B29E-4A1659F4E39F}.Release|Any CPU.ActiveCfg = Release|Any CPU
		{C233F0CD-80AE-4526-B29E-4A1659F4E39F}.Release|Any CPU.Build.0 = Release|Any CPU
	EndGlobalSection
	GlobalSection(SolutionProperties) = preSolution
		HideSolutionNode = FALSE
	EndGlobalSection
	GlobalSection(ExtensibilityGlobals) = postSolution
		SolutionGuid = {F988947C-346E-462D-8D8C-C94E9A8AD560}
	EndGlobalSection
EndGlobal
